
Microsoft Visual Studio Solution File, Format Version 12.00
# Visual Studio Version 17
VisualStudioVersion = 17.5.002.0
MinimumVisualStudioVersion = 10.0.40219.1
Project("{9A19103F-16F7-4668-BE54-9A1E7A4F7556}") = "TechStore", "TechStore\TechStore.csproj", "{43F6BBE2-9D11-4D2A-B85A-3F2DF98FD2A7}"
EndProject
Global
	GlobalSection(SolutionConfigurationPlatforms) = preSolution
		Debug|Any CPU = Debug|Any CPU
		Release|Any CPU = Release|Any CPU
	EndGlobalSection
	GlobalSection(ProjectConfigurationPlatforms) = postSolution
		{43F6BBE2-9D11-4D2A-B85A-3F2DF98FD2A7}.Debug|Any CPU.ActiveCfg = Debug|Any CPU
		{43F6BBE2-9D11-4D2A-B85A-3F2DF98FD2A7}.Debug|Any CPU.Build.0 = Debug|Any CPU
		{43F6BBE2-9D11-4D2A-B85A-3F2DF98FD2A7}.Release|Any CPU.ActiveCfg = Release|Any CPU
		{43F6BBE2-9D11-4D2A-B85A-3F2DF98FD2A7}.Release|Any CPU.Build.0 = Release|Any CPU
	EndGlobalSection
	GlobalSection(SolutionProperties) = preSolution
		HideSolutionNode = FALSE
	EndGlobalSection
	GlobalSection(ExtensibilityGlobals) = postSolution
		SolutionGuid = {0D95108B-D4A4-455C-A678-184C40A5CDE1}
	EndGlobalSection
EndGlobal
